
Microsoft Visual Studio Solution File, Format Version 12.00
# Visual Studio Version 17
VisualStudioVersion = 17.4.33205.214
MinimumVisualStudioVersion = 10.0.40219.1
Project("{FAE04EC0-301F-11D3-BF4B-00C04F79EFBC}") = "DesignMaterialsStore", "DesignMaterialsStore.csproj", "{9F6C9E14-1803-4A46-BF37-C3B5F4E9AF84}"
EndProject
Global
	GlobalSection(SolutionConfigurationPlatforms) = preSolution
		Debug|Any CPU = Debug|Any CPU
		Release|Any CPU = Release|Any CPU
	EndGlobalSection
	GlobalSection(ProjectConfigurationPlatforms) = postSolution
		{9F6C9E14-1803-4A46-BF37-C3B5F4E9AF84}.Debug|Any CPU.ActiveCfg = Debug|Any CPU
		{9F6C9E14-1803-4A46-BF37-C3B5F4E9AF84}.Debug|Any CPU.Build.0 = Debug|Any CPU
		{9F6C9E14-1803-4A46-BF37-C3B5F4E9AF84}.Release|Any CPU.ActiveCfg = Release|Any CPU
		{9F6C9E14-1803-4A46-BF37-C3B5F4E9AF84}.Release|Any CPU.Build.0 = Release|Any CPU
	EndGlobalSection
	GlobalSection(SolutionProperties) = preSolution
		HideSolutionNode = FALSE
	EndGlobalSection
	GlobalSection(ExtensibilityGlobals) = postSolution
		SolutionGuid = {F47C1E20-E0A7-4C0B-B2CB-6C416481F5A3}
	EndGlobalSection
EndGlobal
